
Microsoft Visual Studio Solution File, Format Version 12.00
# Visual Studio 15
VisualStudioVersion = 15.0.28307.106
MinimumVisualStudioVersion = 10.0.40219.1
Project("{FAE04EC0-301F-11D3-BF4B-00C04F79EFBC}") = "SOPORTE", "SOPORTE\SOPORTE.csproj", "{BA6F250B-D5A1-454C-8461-FE904A5FDC83}"
EndProject
Global
	GlobalSection(SolutionConfigurationPlatforms) = preSolution
		Debug|Any CPU = Debug|Any CPU
		Release|Any CPU = Release|Any CPU
	EndGlobalSection
	GlobalSection(ProjectConfigurationPlatforms) = postSolution
		{BA6F250B-D5A1-454C-8461-FE904A5FDC83}.Debug|Any CPU.ActiveCfg = Debug|Any CPU
		{BA6F250B-D5A1-454C-8461-FE904A5FDC83}.Debug|Any CPU.Build.0 = Debug|Any CPU
		{BA6F250B-D5A1-454C-8461-FE904A5FDC83}.Release|Any CPU.ActiveCfg = Release|Any CPU
		{BA6F250B-D5A1-454C-8461-FE904A5FDC83}.Release|Any CPU.Build.0 = Release|Any CPU
	EndGlobalSection
	GlobalSection(SolutionProperties) = preSolution
		HideSolutionNode = FALSE
	EndGlobalSection
	GlobalSection(ExtensibilityGlobals) = postSolution
		SolutionGuid = {0E7C5AD8-8941-4726-940E-6A5DE965875C}
	EndGlobalSection
EndGlobal
